
Microsoft Visual Studio Solution File, Format Version 12.00
# Visual Studio Version 17
VisualStudioVersion = 17.8.34316.72
MinimumVisualStudioVersion = 10.0.40219.1
Project("{FAE04EC0-301F-11D3-BF4B-00C04F79EFBC}") = "Meal_Management", "Meal_Management\Meal_Management.csproj", "{69A8DC77-C3D3-4320-81FF-97D06C653474}"
EndProject
Global
	GlobalSection(SolutionConfigurationPlatforms) = preSolution
		Debug|Any CPU = Debug|Any CPU
		Release|Any CPU = Release|Any CPU
	EndGlobalSection
	GlobalSection(ProjectConfigurationPlatforms) = postSolution
		{69A8DC77-C3D3-4320-81FF-97D06C653474}.Debug|Any CPU.ActiveCfg = Debug|Any CPU
		{69A8DC77-C3D3-4320-81FF-97D06C653474}.Debug|Any CPU.Build.0 = Debug|Any CPU
		{69A8DC77-C3D3-4320-81FF-97D06C653474}.Release|Any CPU.ActiveCfg = Release|Any CPU
		{69A8DC77-C3D3-4320-81FF-97D06C653474}.Release|Any CPU.Build.0 = Release|Any CPU
	EndGlobalSection
	GlobalSection(SolutionProperties) = preSolution
		HideSolutionNode = FALSE
	EndGlobalSection
	GlobalSection(ExtensibilityGlobals) = postSolution
		SolutionGuid = {0E2B9B62-6B35-42DA-AC88-482F4F40353D}
	EndGlobalSection
EndGlobal
